
Microsoft Visual Studio Solution File, Format Version 12.00
# Visual Studio 15
VisualStudioVersion = 15.0.27703.2042
MinimumVisualStudioVersion = 10.0.40219.1
Project("{888888A0-9F3D-457C-B088-3A5042F75D52}") = "Space Invaders", "Space Invaders\Space Invaders.pyproj", "{9288C382-60F5-43E0-89BA-2CADAF080F3D}"
EndProject
Global
	GlobalSection(SolutionConfigurationPlatforms) = preSolution
		Debug|Any CPU = Debug|Any CPU
		Release|Any CPU = Release|Any CPU
	EndGlobalSection
	GlobalSection(ProjectConfigurationPlatforms) = postSolution
		{9288C382-60F5-43E0-89BA-2CADAF080F3D}.Debug|Any CPU.ActiveCfg = Debug|Any CPU
		{9288C382-60F5-43E0-89BA-2CADAF080F3D}.Release|Any CPU.ActiveCfg = Release|Any CPU
	EndGlobalSection
	GlobalSection(SolutionProperties) = preSolution
		HideSolutionNode = FALSE
	EndGlobalSection
	GlobalSection(ExtensibilityGlobals) = postSolution
		SolutionGuid = {E238E567-C1A2-4B62-9C8B-810C879A8CE1}
	EndGlobalSection
EndGlobal
